
Microsoft Visual Studio Solution File, Format Version 12.00
# Visual Studio Version 16
VisualStudioVersion = 16.0.29009.5
MinimumVisualStudioVersion = 10.0.40219.1
Project("{FAE04EC0-301F-11D3-BF4B-00C04F79EFBC}") = "MyFirstSamples.UWP", "MyFirstSamples\MyFirstSamples.UWP\MyFirstSamples.UWP.csproj", "{1431FFB6-930D-4AB5-9B34-3E9834B1ACF4}"
EndProject
Project("{FAE04EC0-301F-11D3-BF4B-00C04F79EFBC}") = "MyFirstSamples.Android", "MyFirstSamples\MyFirstSamples.Android\MyFirstSamples.Android.csproj", "{F315F469-565B-42A5-930E-0BE74F3725FC}"
EndProject
Project("{FAE04EC0-301F-11D3-BF4B-00C04F79EFBC}") = "MyFirstSamples.iOS", "MyFirstSamples\MyFirstSamples.iOS\MyFirstSamples.iOS.csproj", "{ECB12400-6604-4F6F-8B6C-9E52E7C2635D}"
EndProject
Project("{FAE04EC0-301F-11D3-BF4B-00C04F79EFBC}") = "MyFirstSamples", "MyFirstSamples\MyFirstSamples\MyFirstSamples.csproj", "{B716D638-AB53-470D-AB31-4AB9FE33C6AB}"
EndProject
Global
	GlobalSection(SolutionConfigurationPlatforms) = preSolution
		Debug|Any CPU = Debug|Any CPU
		Debug|ARM = Debug|ARM
		Debug|iPhone = Debug|iPhone
		Debug|iPhoneSimulator = Debug|iPhoneSimulator
		Debug|x64 = Debug|x64
		Debug|x86 = Debug|x86
		Release|Any CPU = Release|Any CPU
		Release|ARM = Release|ARM
		Release|iPhone = Release|iPhone
		Release|iPhoneSimulator = Release|iPhoneSimulator
		Release|x64 = Release|x64
		Release|x86 = Release|x86
	EndGlobalSection
	GlobalSection(ProjectConfigurationPlatforms) = postSolution
		{1431FFB6-930D-4AB5-9B34-3E9834B1ACF4}.Debug|Any CPU.ActiveCfg = Debug|x86
		{1431FFB6-930D-4AB5-9B34-3E9834B1ACF4}.Debug|Any CPU.Build.0 = Debug|x86
		{1431FFB6-930D-4AB5-9B34-3E9834B1ACF4}.Debug|Any CPU.Deploy.0 = Debug|x86
		{1431FFB6-930D-4AB5-9B34-3E9834B1ACF4}.Debug|ARM.ActiveCfg = Debug|ARM
		{1431FFB6-930D-4AB5-9B34-3E9834B1ACF4}.Debug|ARM.Build.0 = Debug|ARM
		{1431FFB6-930D-4AB5-9B34-3E9834B1ACF4}.Debug|ARM.Deploy.0 = Debug|ARM
		{1431FFB6-930D-4AB5-9B34-3E9834B1ACF4}.Debug|iPhone.ActiveCfg = Debug|x86
		{1431FFB6-930D-4AB5-9B34-3E9834B1ACF4}.Debug|iPhone.Build.0 = Debug|x86
		{1431FFB6-930D-4AB5-9B34-3E9834B1ACF4}.Debug|iPhone.Deploy.0 = Debug|x86
		{1431FFB6-930D-4AB5-9B34-3E9834B1ACF4}.Debug|iPhoneSimulator.ActiveCfg = Debug|x86
		{1431FFB6-930D-4AB5-9B34-3E9834B1ACF4}.Debug|iPhoneSimulator.Build.0 = Debug|x86
		{1431FFB6-930D-4AB5-9B34-3E9834B1ACF4}.Debug|iPhoneSimulator.Deploy.0 = Debug|x86
		{1431FFB6-930D-4AB5-9B34-3E9834B1ACF4}.Debug|x64.ActiveCfg = Debug|x64
		{1431FFB6-930D-4AB5-9B34-3E9834B1ACF4}.Debug|x64.Build.0 = Debug|x64
		{1431FFB6-930D-4AB5-9B34-3E9834B1ACF4}.Debug|x64.Deploy.0 = Debug|x64
		{1431FFB6-930D-4AB5-9B34-3E9834B1ACF4}.Debug|x86.ActiveCfg = Debug|x86
		{1431FFB6-930D-4AB5-9B34-3E9834B1ACF4}.Debug|x86.Build.0 = Debug|x86
		{1431FFB6-930D-4AB5-9B34-3E9834B1ACF4}.Debug|x86.Deploy.0 = Debug|x86
		{1431FFB6-930D-4AB5-9B34-3E9834B1ACF4}.Release|Any CPU.ActiveCfg = Release|x86
		{1431FFB6-930D-4AB5-9B34-3E9834B1ACF4}.Release|Any CPU.Build.0 = Release|x86
		{1431FFB6-930D-4AB5-9B34-3E9834B1ACF4}.Release|Any CPU.Deploy.0 = Release|x86
		{1431FFB6-930D-4AB5-9B34-3E9834B1ACF4}.Release|ARM.ActiveCfg = Release|ARM
		{1431FFB6-930D-4AB5-9B34-3E9834B1ACF4}.Release|ARM.Build.0 = Release|ARM
		{1431FFB6-930D-4AB5-9B34-3E9834B1ACF4}.Release|ARM.Deploy.0 = Release|ARM
		{1431FFB6-930D-4AB5-9B34-3E9834B1ACF4}.Release|iPhone.ActiveCfg = Release|x86
		{1431FFB6-930D-4AB5-9B34-3E9834B1ACF4}.Release|iPhone.Build.0 = Release|x86
		{1431FFB6-930D-4AB5-9B34-3E9834B1ACF4}.Release|iPhone.Deploy.0 = Release|x86
		{1431FFB6-930D-4AB5-9B34-3E9834B1ACF4}.Release|iPhoneSimulator.ActiveCfg = Release|x86
		{1431FFB6-930D-4AB5-9B34-3E9834B1ACF4}.Release|iPhoneSimulator.Build.0 = Release|x86
		{1431FFB6-930D-4AB5-9B34-3E9834B1ACF4}.Release|iPhoneSimulator.Deploy.0 = Release|x86
		{1431FFB6-930D-4AB5-9B34-3E9834B1ACF4}.Release|x64.ActiveCfg = Release|x64
		{1431FFB6-930D-4AB5-9B34-3E9834B1ACF4}.Release|x64.Build.0 = Release|x64
		{1431FFB6-930D-4AB5-9B34-3E9834B1ACF4}.Release|x64.Deploy.0 = Release|x64
		{1431FFB6-930D-4AB5-9B34-3E9834B1ACF4}.Release|x86.ActiveCfg = Release|x86
		{1431FFB6-930D-4AB5-9B34-3E9834B1ACF4}.Release|x86.Build.0 = Release|x86
		{1431FFB6-930D-4AB5-9B34-3E9834B1ACF4}.Release|x86.Deploy.0 = Release|x86
		{F315F469-565B-42A5-930E-0BE74F3725FC}.Debug|Any CPU.ActiveCfg = Debug|Any CPU
		{F315F469-565B-42A5-930E-0BE74F3725FC}.Debug|Any CPU.Build.0 = Debug|Any CPU
		{F315F469-565B-42A5-930E-0BE74F3725FC}.Debug|Any CPU.Deploy.0 = Debug|Any CPU
		{F315F469-565B-42A5-930E-0BE74F3725FC}.Debug|ARM.ActiveCfg = Debug|Any CPU
		{F315F469-565B-42A5-930E-0BE74F3725FC}.Debug|ARM.Build.0 = Debug|Any CPU
		{F315F469-565B-42A5-930E-0BE74F3725FC}.Debug|ARM.Deploy.0 = Debug|Any CPU
		{F315F469-565B-42A5-930E-0BE74F3725FC}.Debug|iPhone.ActiveCfg = Debug|Any CPU
		{F315F469-565B-42A5-930E-0BE74F3725FC}.Debug|iPhone.Build.0 = Debug|Any CPU
		{F315F469-565B-42A5-930E-0BE74F3725FC}.Debug|iPhone.Deploy.0 = Debug|Any CPU
		{F315F469-565B-42A5-930E-0BE74F3725FC}.Debug|iPhoneSimulator.ActiveCfg = Debug|Any CPU
		{F315F469-565B-42A5-930E-0BE74F3725FC}.Debug|iPhoneSimulator.Build.0 = Debug|Any CPU
		{F315F469-565B-42A5-930E-0BE74F3725FC}.Debug|iPhoneSimulator.Deploy.0 = Debug|Any CPU
		{F315F469-565B-42A5-930E-0BE74F3725FC}.Debug|x64.ActiveCfg = Debug|Any CPU
		{F315F469-565B-42A5-930E-0BE74F3725FC}.Debug|x64.Build.0 = Debug|Any CPU
		{F315F469-565B-42A5-930E-0BE74F3725FC}.Debug|x64.Deploy.0 = Debug|Any CPU
		{F315F469-565B-42A5-930E-0BE74F3725FC}.Debug|x86.ActiveCfg = Debug|Any CPU
		{F315F469-565B-42A5-930E-0BE74F3725FC}.Debug|x86.Build.0 = Debug|Any CPU
		{F315F469-565B-42A5-930E-0BE74F3725FC}.Debug|x86.Deploy.0 = Debug|Any CPU
		{F315F469-565B-42A5-930E-0BE74F3725FC}.Release|Any CPU.ActiveCfg = Release|Any CPU
		{F315F469-565B-42A5-930E-0BE74F3725FC}.Release|Any CPU.Build.0 = Release|Any CPU
		{F315F469-565B-42A5-930E-0BE74F3725FC}.Release|Any CPU.Deploy.0 = Release|Any CPU
		{F315F469-565B-42A5-930E-0BE74F3725FC}.Release|ARM.ActiveCfg = Release|Any CPU
		{F315F469-565B-42A5-930E-0BE74F3725FC}.Release|ARM.Build.0 = Release|Any CPU
		{F315F469-565B-42A5-930E-0BE74F3725FC}.Release|ARM.Deploy.0 = Release|Any CPU
		{F315F469-565B-42A5-930E-0BE74F3725FC}.Release|iPhone.ActiveCfg = Release|Any CPU
		{F315F469-565B-42A5-930E-0BE74F3725FC}.Release|iPhone.Build.0 = Release|Any CPU
		{F315F469-565B-42A5-930E-0BE74F3725FC}.Release|iPhone.Deploy.0 = Release|Any CPU
		{F315F469-565B-42A5-930E-0BE74F3725FC}.Release|iPhoneSimulator.ActiveCfg = Release|Any CPU
		{F315F469-565B-42A5-930E-0BE74F3725FC}.Release|iPhoneSimulator.Build.0 = Release|Any CPU
		{F315F469-565B-42A5-930E-0BE74F3725FC}.Release|iPhoneSimulator.Deploy.0 = Release|Any CPU
		{F315F469-565B-42A5-930E-0BE74F3725FC}.Release|x64.ActiveCfg = Release|Any CPU
		{F315F469-565B-42A5-930E-0BE74F3725FC}.Release|x64.Build.0 = Release|Any CPU
		{F315F469-565B-42A5-930E-0BE74F3725FC}.Release|x64.Deploy.0 = Release|Any CPU
		{F315F469-565B-42A5-930E-0BE74F3725FC}.Release|x86.ActiveCfg = Release|Any CPU
		{F315F469-565B-42A5-930E-0BE74F3725FC}.Release|x86.Build.0 = Release|Any CPU
		{F315F469-565B-42A5-930E-0BE74F3725FC}.Release|x86.Deploy.0 = Release|Any CPU
		{ECB12400-6604-4F6F-8B6C-9E52E7C2635D}.Debug|Any CPU.ActiveCfg = Debug|iPhone
		{ECB12400-6604-4F6F-8B6C-9E52E7C2635D}.Debug|Any CPU.Build.0 = Debug|iPhone
		{ECB12400-6604-4F6F-8B6C-9E52E7C2635D}.Debug|Any CPU.Deploy.0 = Debug|iPhone
		{ECB12400-6604-4F6F-8B6C-9E52E7C2635D}.Debug|ARM.ActiveCfg = Debug|iPhoneSimulator
		{ECB12400-6604-4F6F-8B6C-9E52E7C2635D}.Debug|ARM.Build.0 = Debug|iPhoneSimulator
		{ECB12400-6604-4F6F-8B6C-9E52E7C2635D}.Debug|ARM.Deploy.0 = Debug|iPhoneSimulator
		{ECB12400-6604-4F6F-8B6C-9E52E7C2635D}.Debug|iPhone.ActiveCfg = Debug|iPhone
		{ECB12400-6604-4F6F-8B6C-9E52E7C2635D}.Debug|iPhone.Build.0 = Debug|iPhone
		{ECB12400-6604-4F6F-8B6C-9E52E7C2635D}.Debug|iPhone.Deploy.0 = Debug|iPhone
		{ECB12400-6604-4F6F-8B6C-9E52E7C2635D}.Debug|iPhoneSimulator.ActiveCfg = Debug|iPhoneSimulator
		{ECB12400-6604-4F6F-8B6C-9E52E7C2635D}.Debug|iPhoneSimulator.Build.0 = Debug|iPhoneSimulator
		{ECB12400-6604-4F6F-8B6C-9E52E7C2635D}.Debug|iPhoneSimulator.Deploy.0 = Debug|iPhoneSimulator
		{ECB12400-6604-4F6F-8B6C-9E52E7C2635D}.Debug|x64.ActiveCfg = Debug|iPhone
		{ECB12400-6604-4F6F-8B6C-9E52E7C2635D}.Debug|x64.Build.0 = Debug|iPhone
		{ECB12400-6604-4F6F-8B6C-9E52E7C2635D}.Debug|x64.Deploy.0 = Debug|iPhone
		{ECB12400-6604-4F6F-8B6C-9E52E7C2635D}.Debug|x86.ActiveCfg = Debug|iPhone
		{ECB12400-6604-4F6F-8B6C-9E52E7C2635D}.Debug|x86.Build.0 = Debug|iPhone
		{ECB12400-6604-4F6F-8B6C-9E52E7C2635D}.Debug|x86.Deploy.0 = Debug|iPhone
		{ECB12400-6604-4F6F-8B6C-9E52E7C2635D}.Release|Any CPU.ActiveCfg = Release|iPhone
		{ECB12400-6604-4F6F-8B6C-9E52E7C2635D}.Release|Any CPU.Build.0 = Release|iPhone
		{ECB12400-6604-4F6F-8B6C-9E52E7C2635D}.Release|Any CPU.Deploy.0 = Release|iPhone
		{ECB12400-6604-4F6F-8B6C-9E52E7C2635D}.Release|ARM.ActiveCfg = Release|iPhone
		{ECB12400-6604-4F6F-8B6C-9E52E7C2635D}.Release|ARM.Build.0 = Release|iPhone
		{ECB12400-6604-4F6F-8B6C-9E52E7C2635D}.Release|ARM.Deploy.0 = Release|iPhone
		{ECB12400-6604-4F6F-8B6C-9E52E7C2635D}.Release|iPhone.ActiveCfg = Release|iPhone
		{ECB12400-6604-4F6F-8B6C-9E52E7C2635D}.Release|iPhone.Build.0 = Release|iPhone
		{ECB12400-6604-4F6F-8B6C-9E52E7C2635D}.Release|iPhone.Deploy.0 = Release|iPhone
		{ECB12400-6604-4F6F-8B6C-9E52E7C2635D}.Release|iPhoneSimulator.ActiveCfg = Release|iPhoneSimulator
		{ECB12400-6604-4F6F-8B6C-9E52E7C2635D}.Release|iPhoneSimulator.Build.0 = Release|iPhoneSimulator
		{ECB12400-6604-4F6F-8B6C-9E52E7C2635D}.Release|iPhoneSimulator.Deploy.0 = Release|iPhoneSimulator
		{ECB12400-6604-4F6F-8B6C-9E52E7C2635D}.Release|x64.ActiveCfg = Release|iPhone
		{ECB12400-6604-4F6F-8B6C-9E52E7C2635D}.Release|x64.Build.0 = Release|iPhone
		{ECB12400-6604-4F6F-8B6C-9E52E7C2635D}.Release|x64.Deploy.0 = Release|iPhone
		{ECB12400-6604-4F6F-8B6C-9E52E7C2635D}.Release|x86.ActiveCfg = Release|iPhone
		{ECB12400-6604-4F6F-8B6C-9E52E7C2635D}.Release|x86.Build.0 = Release|iPhone
		{ECB12400-6604-4F6F-8B6C-9E52E7C2635D}.Release|x86.Deploy.0 = Release|iPhone
		{B716D638-AB53-470D-AB31-4AB9FE33C6AB}.Debug|Any CPU.ActiveCfg = Debug|Any CPU
		{B716D638-AB53-470D-AB31-4AB9FE33C6AB}.Debug|Any CPU.Build.0 = Debug|Any CPU
		{B716D638-AB53-470D-AB31-4AB9FE33C6AB}.Debug|Any CPU.Deploy.0 = Debug|Any CPU
		{B716D638-AB53-470D-AB31-4AB9FE33C6AB}.Debug|ARM.ActiveCfg = Debug|Any CPU
		{B716D638-AB53-470D-AB31-4AB9FE33C6AB}.Debug|ARM.Build.0 = Debug|Any CPU
		{B716D638-AB53-470D-AB31-4AB9FE33C6AB}.Debug|ARM.Deploy.0 = Debug|Any CPU
		{B716D638-AB53-470D-AB31-4AB9FE33C6AB}.Debug|iPhone.ActiveCfg = Debug|Any CPU
		{B716D638-AB53-470D-AB31-4AB9FE33C6AB}.Debug|iPhone.Build.0 = Debug|Any CPU
		{B716D638-AB53-470D-AB31-4AB9FE33C6AB}.Debug|iPhone.Deploy.0 = Debug|Any CPU
		{B716D638-AB53-470D-AB31-4AB9FE33C6AB}.Debug|iPhoneSimulator.ActiveCfg = Debug|Any CPU
		{B716D638-AB53-470D-AB31-4AB9FE33C6AB}.Debug|iPhoneSimulator.Build.0 = Debug|Any CPU
		{B716D638-AB53-470D-AB31-4AB9FE33C6AB}.Debug|iPhoneSimulator.Deploy.0 = Debug|Any CPU
		{B716D638-AB53-470D-AB31-4AB9FE33C6AB}.Debug|x64.ActiveCfg = Debug|Any CPU
		{B716D638-AB53-470D-AB31-4AB9FE33C6AB}.Debug|x64.Build.0 = Debug|Any CPU
		{B716D638-AB53-470D-AB31-4AB9FE33C6AB}.Debug|x64.Deploy.0 = Debug|Any CPU
		{B716D638-AB53-470D-AB31-4AB9FE33C6AB}.Debug|x86.ActiveCfg = Debug|Any CPU
		{B716D638-AB53-470D-AB31-4AB9FE33C6AB}.Debug|x86.Build.0 = Debug|Any CPU
		{B716D638-AB53-470D-AB31-4AB9FE33C6AB}.Debug|x86.Deploy.0 = Debug|Any CPU
		{B716D638-AB53-470D-AB31-4AB9FE33C6AB}.Release|Any CPU.ActiveCfg = Release|Any CPU
		{B716D638-AB53-470D-AB31-4AB9FE33C6AB}.Release|Any CPU.Build.0 = Release|Any CPU
		{B716D638-AB53-470D-AB31-4AB9FE33C6AB}.Release|Any CPU.Deploy.0 = Release|Any CPU
		{B716D638-AB53-470D-AB31-4AB9FE33C6AB}.Release|ARM.ActiveCfg = Release|Any CPU
		{B716D638-AB53-470D-AB31-4AB9FE33C6AB}.Release|ARM.Build.0 = Release|Any CPU
		{B716D638-AB53-470D-AB31-4AB9FE33C6AB}.Release|ARM.Deploy.0 = Release|Any CPU
		{B716D638-AB53-470D-AB31-4AB9FE33C6AB}.Release|iPhone.ActiveCfg = Release|Any CPU
		{B716D638-AB53-470D-AB31-4AB9FE33C6AB}.Release|iPhone.Build.0 = Release|Any CPU
		{B716D638-AB53-470D-AB31-4AB9FE33C6AB}.Release|iPhone.Deploy.0 = Release|Any CPU
		{B716D638-AB53-470D-AB31-4AB9FE33C6AB}.Release|iPhoneSimulator.ActiveCfg = Release|Any CPU
		{B716D638-AB53-470D-AB31-4AB9FE33C6AB}.Release|iPhoneSimulator.Build.0 = Release|Any CPU
		{B716D638-AB53-470D-AB31-4AB9FE33C6AB}.Release|iPhoneSimulator.Deploy.0 = Release|Any CPU
		{B716D638-AB53-470D-AB31-4AB9FE33C6AB}.Release|x64.ActiveCfg = Release|Any CPU
		{B716D638-AB53-470D-AB31-4AB9FE33C6AB}.Release|x64.Build.0 = Release|Any CPU
		{B716D638-AB53-470D-AB31-4AB9FE33C6AB}.Release|x64.Deploy.0 = Release|Any CPU
		{B716D638-AB53-470D-AB31-4AB9FE33C6AB}.Release|x86.ActiveCfg = Release|Any CPU
		{B716D638-AB53-470D-AB31-4AB9FE33C6AB}.Release|x86.Build.0 = Release|Any CPU
		{B716D638-AB53-470D-AB31-4AB9FE33C6AB}.Release|x86.Deploy.0 = Release|Any CPU
	EndGlobalSection
	GlobalSection(SolutionProperties) = preSolution
		HideSolutionNode = FALSE
	EndGlobalSection
	GlobalSection(ExtensibilityGlobals) = postSolution
		SolutionGuid = {FD0F1FD7-D1B3-4DD9-898D-ADEF0E7FBD14}
	EndGlobalSection
EndGlobal
