
Microsoft Visual Studio Solution File, Format Version 12.00
# Visual Studio Version 16
VisualStudioVersion = 16.0.29009.5
MinimumVisualStudioVersion = 10.0.40219.1
Project("{FAE04EC0-301F-11D3-BF4B-00C04F79EFBC}") = "ISSFlyBy.UWP", "ISSFlyBy\ISSFlyBy.UWP\ISSFlyBy.UWP.csproj", "{E0018377-1E89-4246-A169-E4FDAF49CD5A}"
EndProject
Project("{FAE04EC0-301F-11D3-BF4B-00C04F79EFBC}") = "ISSFlyBy.Android", "ISSFlyBy\ISSFlyBy.Android\ISSFlyBy.Android.csproj", "{491A4F77-F2E3-4194-BCC8-7BD6A1944C1D}"
EndProject
Project("{FAE04EC0-301F-11D3-BF4B-00C04F79EFBC}") = "ISSFlyBy.iOS", "ISSFlyBy\ISSFlyBy.iOS\ISSFlyBy.iOS.csproj", "{78C17E3D-0E1E-456F-A304-EEFB67CFF19E}"
EndProject
Project("{FAE04EC0-301F-11D3-BF4B-00C04F79EFBC}") = "ISSFlyBy", "ISSFlyBy\ISSFlyBy\ISSFlyBy.csproj", "{A2139AC4-D916-4341-81D1-94A6DB1472AB}"
EndProject
Global
	GlobalSection(SolutionConfigurationPlatforms) = preSolution
		Debug|Any CPU = Debug|Any CPU
		Debug|ARM = Debug|ARM
		Debug|iPhone = Debug|iPhone
		Debug|iPhoneSimulator = Debug|iPhoneSimulator
		Debug|x64 = Debug|x64
		Debug|x86 = Debug|x86
		Release|Any CPU = Release|Any CPU
		Release|ARM = Release|ARM
		Release|iPhone = Release|iPhone
		Release|iPhoneSimulator = Release|iPhoneSimulator
		Release|x64 = Release|x64
		Release|x86 = Release|x86
	EndGlobalSection
	GlobalSection(ProjectConfigurationPlatforms) = postSolution
		{E0018377-1E89-4246-A169-E4FDAF49CD5A}.Debug|Any CPU.ActiveCfg = Debug|x86
		{E0018377-1E89-4246-A169-E4FDAF49CD5A}.Debug|Any CPU.Build.0 = Debug|x86
		{E0018377-1E89-4246-A169-E4FDAF49CD5A}.Debug|Any CPU.Deploy.0 = Debug|x86
		{E0018377-1E89-4246-A169-E4FDAF49CD5A}.Debug|ARM.ActiveCfg = Debug|ARM
		{E0018377-1E89-4246-A169-E4FDAF49CD5A}.Debug|ARM.Build.0 = Debug|ARM
		{E0018377-1E89-4246-A169-E4FDAF49CD5A}.Debug|ARM.Deploy.0 = Debug|ARM
		{E0018377-1E89-4246-A169-E4FDAF49CD5A}.Debug|iPhone.ActiveCfg = Debug|x86
		{E0018377-1E89-4246-A169-E4FDAF49CD5A}.Debug|iPhone.Build.0 = Debug|x86
		{E0018377-1E89-4246-A169-E4FDAF49CD5A}.Debug|iPhone.Deploy.0 = Debug|x86
		{E0018377-1E89-4246-A169-E4FDAF49CD5A}.Debug|iPhoneSimulator.ActiveCfg = Debug|x86
		{E0018377-1E89-4246-A169-E4FDAF49CD5A}.Debug|iPhoneSimulator.Build.0 = Debug|x86
		{E0018377-1E89-4246-A169-E4FDAF49CD5A}.Debug|iPhoneSimulator.Deploy.0 = Debug|x86
		{E0018377-1E89-4246-A169-E4FDAF49CD5A}.Debug|x64.ActiveCfg = Debug|x64
		{E0018377-1E89-4246-A169-E4FDAF49CD5A}.Debug|x64.Build.0 = Debug|x64
		{E0018377-1E89-4246-A169-E4FDAF49CD5A}.Debug|x64.Deploy.0 = Debug|x64
		{E0018377-1E89-4246-A169-E4FDAF49CD5A}.Debug|x86.ActiveCfg = Debug|x86
		{E0018377-1E89-4246-A169-E4FDAF49CD5A}.Debug|x86.Build.0 = Debug|x86
		{E0018377-1E89-4246-A169-E4FDAF49CD5A}.Debug|x86.Deploy.0 = Debug|x86
		{E0018377-1E89-4246-A169-E4FDAF49CD5A}.Release|Any CPU.ActiveCfg = Release|x86
		{E0018377-1E89-4246-A169-E4FDAF49CD5A}.Release|Any CPU.Build.0 = Release|x86
		{E0018377-1E89-4246-A169-E4FDAF49CD5A}.Release|Any CPU.Deploy.0 = Release|x86
		{E0018377-1E89-4246-A169-E4FDAF49CD5A}.Release|ARM.ActiveCfg = Release|ARM
		{E0018377-1E89-4246-A169-E4FDAF49CD5A}.Release|ARM.Build.0 = Release|ARM
		{E0018377-1E89-4246-A169-E4FDAF49CD5A}.Release|ARM.Deploy.0 = Release|ARM
		{E0018377-1E89-4246-A169-E4FDAF49CD5A}.Release|iPhone.ActiveCfg = Release|x86
		{E0018377-1E89-4246-A169-E4FDAF49CD5A}.Release|iPhone.Build.0 = Release|x86
		{E0018377-1E89-4246-A169-E4FDAF49CD5A}.Release|iPhone.Deploy.0 = Release|x86
		{E0018377-1E89-4246-A169-E4FDAF49CD5A}.Release|iPhoneSimulator.ActiveCfg = Release|x86
		{E0018377-1E89-4246-A169-E4FDAF49CD5A}.Release|iPhoneSimulator.Build.0 = Release|x86
		{E0018377-1E89-4246-A169-E4FDAF49CD5A}.Release|iPhoneSimulator.Deploy.0 = Release|x86
		{E0018377-1E89-4246-A169-E4FDAF49CD5A}.Release|x64.ActiveCfg = Release|x64
		{E0018377-1E89-4246-A169-E4FDAF49CD5A}.Release|x64.Build.0 = Release|x64
		{E0018377-1E89-4246-A169-E4FDAF49CD5A}.Release|x64.Deploy.0 = Release|x64
		{E0018377-1E89-4246-A169-E4FDAF49CD5A}.Release|x86.ActiveCfg = Release|x86
		{E0018377-1E89-4246-A169-E4FDAF49CD5A}.Release|x86.Build.0 = Release|x86
		{E0018377-1E89-4246-A169-E4FDAF49CD5A}.Release|x86.Deploy.0 = Release|x86
		{491A4F77-F2E3-4194-BCC8-7BD6A1944C1D}.Debug|Any CPU.ActiveCfg = Debug|Any CPU
		{491A4F77-F2E3-4194-BCC8-7BD6A1944C1D}.Debug|Any CPU.Build.0 = Debug|Any CPU
		{491A4F77-F2E3-4194-BCC8-7BD6A1944C1D}.Debug|Any CPU.Deploy.0 = Debug|Any CPU
		{491A4F77-F2E3-4194-BCC8-7BD6A1944C1D}.Debug|ARM.ActiveCfg = Debug|Any CPU
		{491A4F77-F2E3-4194-BCC8-7BD6A1944C1D}.Debug|ARM.Build.0 = Debug|Any CPU
		{491A4F77-F2E3-4194-BCC8-7BD6A1944C1D}.Debug|ARM.Deploy.0 = Debug|Any CPU
		{491A4F77-F2E3-4194-BCC8-7BD6A1944C1D}.Debug|iPhone.ActiveCfg = Debug|Any CPU
		{491A4F77-F2E3-4194-BCC8-7BD6A1944C1D}.Debug|iPhone.Build.0 = Debug|Any CPU
		{491A4F77-F2E3-4194-BCC8-7BD6A1944C1D}.Debug|iPhone.Deploy.0 = Debug|Any CPU
		{491A4F77-F2E3-4194-BCC8-7BD6A1944C1D}.Debug|iPhoneSimulator.ActiveCfg = Debug|Any CPU
		{491A4F77-F2E3-4194-BCC8-7BD6A1944C1D}.Debug|iPhoneSimulator.Build.0 = Debug|Any CPU
		{491A4F77-F2E3-4194-BCC8-7BD6A1944C1D}.Debug|iPhoneSimulator.Deploy.0 = Debug|Any CPU
		{491A4F77-F2E3-4194-BCC8-7BD6A1944C1D}.Debug|x64.ActiveCfg = Debug|Any CPU
		{491A4F77-F2E3-4194-BCC8-7BD6A1944C1D}.Debug|x64.Build.0 = Debug|Any CPU
		{491A4F77-F2E3-4194-BCC8-7BD6A1944C1D}.Debug|x64.Deploy.0 = Debug|Any CPU
		{491A4F77-F2E3-4194-BCC8-7BD6A1944C1D}.Debug|x86.ActiveCfg = Debug|Any CPU
		{491A4F77-F2E3-4194-BCC8-7BD6A1944C1D}.Debug|x86.Build.0 = Debug|Any CPU
		{491A4F77-F2E3-4194-BCC8-7BD6A1944C1D}.Debug|x86.Deploy.0 = Debug|Any CPU
		{491A4F77-F2E3-4194-BCC8-7BD6A1944C1D}.Release|Any CPU.ActiveCfg = Release|Any CPU
		{491A4F77-F2E3-4194-BCC8-7BD6A1944C1D}.Release|Any CPU.Build.0 = Release|Any CPU
		{491A4F77-F2E3-4194-BCC8-7BD6A1944C1D}.Release|Any CPU.Deploy.0 = Release|Any CPU
		{491A4F77-F2E3-4194-BCC8-7BD6A1944C1D}.Release|ARM.ActiveCfg = Release|Any CPU
		{491A4F77-F2E3-4194-BCC8-7BD6A1944C1D}.Release|ARM.Build.0 = Release|Any CPU
		{491A4F77-F2E3-4194-BCC8-7BD6A1944C1D}.Release|ARM.Deploy.0 = Release|Any CPU
		{491A4F77-F2E3-4194-BCC8-7BD6A1944C1D}.Release|iPhone.ActiveCfg = Release|Any CPU
		{491A4F77-F2E3-4194-BCC8-7BD6A1944C1D}.Release|iPhone.Build.0 = Release|Any CPU
		{491A4F77-F2E3-4194-BCC8-7BD6A1944C1D}.Release|iPhone.Deploy.0 = Release|Any CPU
		{491A4F77-F2E3-4194-BCC8-7BD6A1944C1D}.Release|iPhoneSimulator.ActiveCfg = Release|Any CPU
		{491A4F77-F2E3-4194-BCC8-7BD6A1944C1D}.Release|iPhoneSimulator.Build.0 = Release|Any CPU
		{491A4F77-F2E3-4194-BCC8-7BD6A1944C1D}.Release|iPhoneSimulator.Deploy.0 = Release|Any CPU
		{491A4F77-F2E3-4194-BCC8-7BD6A1944C1D}.Release|x64.ActiveCfg = Release|Any CPU
		{491A4F77-F2E3-4194-BCC8-7BD6A1944C1D}.Release|x64.Build.0 = Release|Any CPU
		{491A4F77-F2E3-4194-BCC8-7BD6A1944C1D}.Release|x64.Deploy.0 = Release|Any CPU
		{491A4F77-F2E3-4194-BCC8-7BD6A1944C1D}.Release|x86.ActiveCfg = Release|Any CPU
		{491A4F77-F2E3-4194-BCC8-7BD6A1944C1D}.Release|x86.Build.0 = Release|Any CPU
		{491A4F77-F2E3-4194-BCC8-7BD6A1944C1D}.Release|x86.Deploy.0 = Release|Any CPU
		{78C17E3D-0E1E-456F-A304-EEFB67CFF19E}.Debug|Any CPU.ActiveCfg = Debug|iPhone
		{78C17E3D-0E1E-456F-A304-EEFB67CFF19E}.Debug|Any CPU.Build.0 = Debug|iPhone
		{78C17E3D-0E1E-456F-A304-EEFB67CFF19E}.Debug|Any CPU.Deploy.0 = Debug|iPhone
		{78C17E3D-0E1E-456F-A304-EEFB67CFF19E}.Debug|ARM.ActiveCfg = Debug|iPhoneSimulator
		{78C17E3D-0E1E-456F-A304-EEFB67CFF19E}.Debug|ARM.Build.0 = Debug|iPhoneSimulator
		{78C17E3D-0E1E-456F-A304-EEFB67CFF19E}.Debug|ARM.Deploy.0 = Debug|iPhoneSimulator
		{78C17E3D-0E1E-456F-A304-EEFB67CFF19E}.Debug|iPhone.ActiveCfg = Debug|iPhone
		{78C17E3D-0E1E-456F-A304-EEFB67CFF19E}.Debug|iPhone.Build.0 = Debug|iPhone
		{78C17E3D-0E1E-456F-A304-EEFB67CFF19E}.Debug|iPhone.Deploy.0 = Debug|iPhone
		{78C17E3D-0E1E-456F-A304-EEFB67CFF19E}.Debug|iPhoneSimulator.ActiveCfg = Debug|iPhoneSimulator
		{78C17E3D-0E1E-456F-A304-EEFB67CFF19E}.Debug|iPhoneSimulator.Build.0 = Debug|iPhoneSimulator
		{78C17E3D-0E1E-456F-A304-EEFB67CFF19E}.Debug|iPhoneSimulator.Deploy.0 = Debug|iPhoneSimulator
		{78C17E3D-0E1E-456F-A304-EEFB67CFF19E}.Debug|x64.ActiveCfg = Debug|iPhone
		{78C17E3D-0E1E-456F-A304-EEFB67CFF19E}.Debug|x64.Build.0 = Debug|iPhone
		{78C17E3D-0E1E-456F-A304-EEFB67CFF19E}.Debug|x64.Deploy.0 = Debug|iPhone
		{78C17E3D-0E1E-456F-A304-EEFB67CFF19E}.Debug|x86.ActiveCfg = Debug|iPhone
		{78C17E3D-0E1E-456F-A304-EEFB67CFF19E}.Debug|x86.Build.0 = Debug|iPhone
		{78C17E3D-0E1E-456F-A304-EEFB67CFF19E}.Debug|x86.Deploy.0 = Debug|iPhone
		{78C17E3D-0E1E-456F-A304-EEFB67CFF19E}.Release|Any CPU.ActiveCfg = Release|iPhone
		{78C17E3D-0E1E-456F-A304-EEFB67CFF19E}.Release|Any CPU.Build.0 = Release|iPhone
		{78C17E3D-0E1E-456F-A304-EEFB67CFF19E}.Release|Any CPU.Deploy.0 = Release|iPhone
		{78C17E3D-0E1E-456F-A304-EEFB67CFF19E}.Release|ARM.ActiveCfg = Release|iPhone
		{78C17E3D-0E1E-456F-A304-EEFB67CFF19E}.Release|ARM.Build.0 = Release|iPhone
		{78C17E3D-0E1E-456F-A304-EEFB67CFF19E}.Release|ARM.Deploy.0 = Release|iPhone
		{78C17E3D-0E1E-456F-A304-EEFB67CFF19E}.Release|iPhone.ActiveCfg = Release|iPhone
		{78C17E3D-0E1E-456F-A304-EEFB67CFF19E}.Release|iPhone.Build.0 = Release|iPhone
		{78C17E3D-0E1E-456F-A304-EEFB67CFF19E}.Release|iPhone.Deploy.0 = Release|iPhone
		{78C17E3D-0E1E-456F-A304-EEFB67CFF19E}.Release|iPhoneSimulator.ActiveCfg = Release|iPhoneSimulator
		{78C17E3D-0E1E-456F-A304-EEFB67CFF19E}.Release|iPhoneSimulator.Build.0 = Release|iPhoneSimulator
		{78C17E3D-0E1E-456F-A304-EEFB67CFF19E}.Release|iPhoneSimulator.Deploy.0 = Release|iPhoneSimulator
		{78C17E3D-0E1E-456F-A304-EEFB67CFF19E}.Release|x64.ActiveCfg = Release|iPhone
		{78C17E3D-0E1E-456F-A304-EEFB67CFF19E}.Release|x64.Build.0 = Release|iPhone
		{78C17E3D-0E1E-456F-A304-EEFB67CFF19E}.Release|x64.Deploy.0 = Release|iPhone
		{78C17E3D-0E1E-456F-A304-EEFB67CFF19E}.Release|x86.ActiveCfg = Release|iPhone
		{78C17E3D-0E1E-456F-A304-EEFB67CFF19E}.Release|x86.Build.0 = Release|iPhone
		{78C17E3D-0E1E-456F-A304-EEFB67CFF19E}.Release|x86.Deploy.0 = Release|iPhone
		{A2139AC4-D916-4341-81D1-94A6DB1472AB}.Debug|Any CPU.ActiveCfg = Debug|Any CPU
		{A2139AC4-D916-4341-81D1-94A6DB1472AB}.Debug|Any CPU.Build.0 = Debug|Any CPU
		{A2139AC4-D916-4341-81D1-94A6DB1472AB}.Debug|Any CPU.Deploy.0 = Debug|Any CPU
		{A2139AC4-D916-4341-81D1-94A6DB1472AB}.Debug|ARM.ActiveCfg = Debug|Any CPU
		{A2139AC4-D916-4341-81D1-94A6DB1472AB}.Debug|ARM.Build.0 = Debug|Any CPU
		{A2139AC4-D916-4341-81D1-94A6DB1472AB}.Debug|ARM.Deploy.0 = Debug|Any CPU
		{A2139AC4-D916-4341-81D1-94A6DB1472AB}.Debug|iPhone.ActiveCfg = Debug|Any CPU
		{A2139AC4-D916-4341-81D1-94A6DB1472AB}.Debug|iPhone.Build.0 = Debug|Any CPU
		{A2139AC4-D916-4341-81D1-94A6DB1472AB}.Debug|iPhone.Deploy.0 = Debug|Any CPU
		{A2139AC4-D916-4341-81D1-94A6DB1472AB}.Debug|iPhoneSimulator.ActiveCfg = Debug|Any CPU
		{A2139AC4-D916-4341-81D1-94A6DB1472AB}.Debug|iPhoneSimulator.Build.0 = Debug|Any CPU
		{A2139AC4-D916-4341-81D1-94A6DB1472AB}.Debug|iPhoneSimulator.Deploy.0 = Debug|Any CPU
		{A2139AC4-D916-4341-81D1-94A6DB1472AB}.Debug|x64.ActiveCfg = Debug|Any CPU
		{A2139AC4-D916-4341-81D1-94A6DB1472AB}.Debug|x64.Build.0 = Debug|Any CPU
		{A2139AC4-D916-4341-81D1-94A6DB1472AB}.Debug|x64.Deploy.0 = Debug|Any CPU
		{A2139AC4-D916-4341-81D1-94A6DB1472AB}.Debug|x86.ActiveCfg = Debug|Any CPU
		{A2139AC4-D916-4341-81D1-94A6DB1472AB}.Debug|x86.Build.0 = Debug|Any CPU
		{A2139AC4-D916-4341-81D1-94A6DB1472AB}.Debug|x86.Deploy.0 = Debug|Any CPU
		{A2139AC4-D916-4341-81D1-94A6DB1472AB}.Release|Any CPU.ActiveCfg = Release|Any CPU
		{A2139AC4-D916-4341-81D1-94A6DB1472AB}.Release|Any CPU.Build.0 = Release|Any CPU
		{A2139AC4-D916-4341-81D1-94A6DB1472AB}.Release|Any CPU.Deploy.0 = Release|Any CPU
		{A2139AC4-D916-4341-81D1-94A6DB1472AB}.Release|ARM.ActiveCfg = Release|Any CPU
		{A2139AC4-D916-4341-81D1-94A6DB1472AB}.Release|ARM.Build.0 = Release|Any CPU
		{A2139AC4-D916-4341-81D1-94A6DB1472AB}.Release|ARM.Deploy.0 = Release|Any CPU
		{A2139AC4-D916-4341-81D1-94A6DB1472AB}.Release|iPhone.ActiveCfg = Release|Any CPU
		{A2139AC4-D916-4341-81D1-94A6DB1472AB}.Release|iPhone.Build.0 = Release|Any CPU
		{A2139AC4-D916-4341-81D1-94A6DB1472AB}.Release|iPhone.Deploy.0 = Release|Any CPU
		{A2139AC4-D916-4341-81D1-94A6DB1472AB}.Release|iPhoneSimulator.ActiveCfg = Release|Any CPU
		{A2139AC4-D916-4341-81D1-94A6DB1472AB}.Release|iPhoneSimulator.Build.0 = Release|Any CPU
		{A2139AC4-D916-4341-81D1-94A6DB1472AB}.Release|iPhoneSimulator.Deploy.0 = Release|Any CPU
		{A2139AC4-D916-4341-81D1-94A6DB1472AB}.Release|x64.ActiveCfg = Release|Any CPU
		{A2139AC4-D916-4341-81D1-94A6DB1472AB}.Release|x64.Build.0 = Release|Any CPU
		{A2139AC4-D916-4341-81D1-94A6DB1472AB}.Release|x64.Deploy.0 = Release|Any CPU
		{A2139AC4-D916-4341-81D1-94A6DB1472AB}.Release|x86.ActiveCfg = Release|Any CPU
		{A2139AC4-D916-4341-81D1-94A6DB1472AB}.Release|x86.Build.0 = Release|Any CPU
		{A2139AC4-D916-4341-81D1-94A6DB1472AB}.Release|x86.Deploy.0 = Release|Any CPU
	EndGlobalSection
	GlobalSection(SolutionProperties) = preSolution
		HideSolutionNode = FALSE
	EndGlobalSection
	GlobalSection(ExtensibilityGlobals) = postSolution
		SolutionGuid = {AFC2A55A-2D56-4996-BCFA-E1B44113DFC9}
	EndGlobalSection
EndGlobal
